
Microsoft Visual Studio Solution File, Format Version 12.00
# Visual Studio Version 17
VisualStudioVersion = 17.11.35312.102
MinimumVisualStudioVersion = 10.0.40219.1
Project("{FAE04EC0-301F-11D3-BF4B-00C04F79EFBC}") = "PWTdotNetCore.ConsoleApp", "PWTdotNetCore.ConsoleApp\PWTdotNetCore.ConsoleApp.csproj", "{3E02ED63-258D-405C-B7A4-C2B0FB177204}"
EndProject
Global
	GlobalSection(SolutionConfigurationPlatforms) = preSolution
		Debug|Any CPU = Debug|Any CPU
		Release|Any CPU = Release|Any CPU
	EndGlobalSection
	GlobalSection(ProjectConfigurationPlatforms) = postSolution
		{3E02ED63-258D-405C-B7A4-C2B0FB177204}.Debug|Any CPU.ActiveCfg = Debug|Any CPU
		{3E02ED63-258D-405C-B7A4-C2B0FB177204}.Debug|Any CPU.Build.0 = Debug|Any CPU
		{3E02ED63-258D-405C-B7A4-C2B0FB177204}.Release|Any CPU.ActiveCfg = Release|Any CPU
		{3E02ED63-258D-405C-B7A4-C2B0FB177204}.Release|Any CPU.Build.0 = Release|Any CPU
	EndGlobalSection
	GlobalSection(SolutionProperties) = preSolution
		HideSolutionNode = FALSE
	EndGlobalSection
	GlobalSection(ExtensibilityGlobals) = postSolution
		SolutionGuid = {85E51C6F-A5C1-471C-BF2A-A19885BB5B88}
	EndGlobalSection
EndGlobal
